// !$*UTF8*$!
{
	archiveVersion = 1;
	classes = {
	};
	objectVersion = 50;
	objects = {

/* Begin PBXBuildFile section */
		378E8B5421C660510053D439 /* AppDelegate.swift in Sources */ = {isa = PBXBuildFile; fileRef = 378E8B5321C660510053D439 /* AppDelegate.swift */; };
		378E8B5921C660510053D439 /* Main.storyboard in Resources */ = {isa = PBXBuildFile; fileRef = 378E8B5721C660510053D439 /* Main.storyboard */; };
		378E8B5B21C660530053D439 /* Assets.xcassets in Resources */ = {isa = PBXBuildFile; fileRef = 378E8B5A21C660530053D439 /* Assets.xcassets */; };
		378E8B5E21C660530053D439 /* LaunchScreen.storyboard in Resources */ = {isa = PBXBuildFile; fileRef = 378E8B5C21C660530053D439 /* LaunchScreen.storyboard */; };
		378E8B6821C661D30053D439 /* TableViewController.swift in Sources */ = {isa = PBXBuildFile; fileRef = 378E8B6721C661D30053D439 /* TableViewController.swift */; };
		378E8B6A21C6621C0053D439 /* TableViewCell.swift in Sources */ = {isa = PBXBuildFile; fileRef = 378E8B6921C6621C0053D439 /* TableViewCell.swift */; };
		D9AE21A5D7AF973AFAD52928 /* Pods_PrefectureWeather.framework in Frameworks */ = {isa = PBXBuildFile; fileRef = 60ECEC4F25418D0A0D08C98A /* Pods_PrefectureWeather.framework */; };
/* End PBXBuildFile section */

/* Begin PBXFileReference section */
		1216AE3C57ADCBD55AABD564 /* Pods-PrefectureWeather.debug.xcconfig */ = {isa = PBXFileReference; includeInIndex = 1; lastKnownFileType = text.xcconfig; name = "Pods-PrefectureWeather.debug.xcconfig"; path = "Pods/Target Support Files/Pods-PrefectureWeather/Pods-PrefectureWeather.debug.xcconfig"; sourceTree = "<group>"; };
		378E8B5021C660510053D439 /* PrefectureWeather.app */ = {isa = PBXFileReference; explicitFileType = wrapper.application; includeInIndex = 0; path = PrefectureWeather.app; sourceTree = BUILT_PRODUCTS_DIR; };
		378E8B5321C660510053D439 /* AppDelegate.swift */ = {isa = PBXFileReference; lastKnownFileType = sourcecode.swift; path = AppDelegate.swift; sourceTree = "<group>"; };
		378E8B5821C660510053D439 /* Base */ = {isa = PBXFileReference; lastKnownFileType = file.storyboard; name = Base; path = Base.lproj/Main.storyboard; sourceTree = "<group>"; };
		378E8B5A21C660530053D439 /* Assets.xcassets */ = {isa = PBXFileReference; lastKnownFileType = folder.assetcatalog; path = Assets.xcassets; sourceTree = "<group>"; };
		378E8B5D21C660530053D439 /* Base */ = {isa = PBXFileReference; lastKnownFileType = file.storyboard; name = Base; path = Base.lproj/LaunchScreen.storyboard; sourceTree = "<group>"; };
		378E8B5F21C660530053D439 /* Info.plist */ = {isa = PBXFileReference; lastKnownFileType = text.plist.xml; path = Info.plist; sourceTree = "<group>"; };
		378E8B6721C661D30053D439 /* TableViewController.swift */ = {isa = PBXFileReference; lastKnownFileType = sourcecode.swift; path = TableViewController.swift; sourceTree = "<group>"; };
		378E8B6921C6621C0053D439 /* TableViewCell.swift */ = {isa = PBXFileReference; lastKnownFileType = sourcecode.swift; path = TableViewCell.swift; sourceTree = "<group>"; };
		60ECEC4F25418D0A0D08C98A /* Pods_PrefectureWeather.framework */ = {isa = PBXFileReference; explicitFileType = wrapper.framework; includeInIndex = 0; path = Pods_PrefectureWeather.framework; sourceTree = BUILT_PRODUCTS_DIR; };
		C67C9F1E6B807C363F0A483B /* Pods-PrefectureWeather.release.xcconfig */ = {isa = PBXFileReference; includeInIndex = 1; lastKnownFileType = text.xcconfig; name = "Pods-PrefectureWeather.release.xcconfig"; path = "Pods/Target Support Files/Pods-PrefectureWeather/Pods-PrefectureWeather.release.xcconfig"; sourceTree = "<group>"; };
/* End PBXFileReference section */

/* Begin PBXFrameworksBuildPhase section */
		378E8B4D21C660510053D439 /* Frameworks */ = {
			isa = PBXFrameworksBuildPhase;
			buildActionMask = 2147483647;
			files = (
				D9AE21A5D7AF973AFAD52928 /* Pods_PrefectureWeather.framework in Frameworks */,
			);
			runOnlyForDeploymentPostprocessing = 0;
		};
/* End PBXFrameworksBuildPhase section */

/* Begin PBXGroup section */
		378E8B4721C660510053D439 = {
			isa = PBXGroup;
			children = (
				378E8B5221C660510053D439 /* PrefectureWeather */,
				378E8B5121C660510053D439 /* Products */,
				5563A04807CAACFC3865BB63 /* Pods */,
				3CF40162D296027C87E6C629 /* Frameworks */,
			);
			sourceTree = "<group>";
		};
		378E8B5121C660510053D439 /* Products */ = {
			isa = PBXGroup;
			children = (
				378E8B5021C660510053D439 /* PrefectureWeather.app */,
			);
			name = Products;
			sourceTree = "<group>";
		};
		378E8B5221C660510053D439 /* PrefectureWeather */ = {
			isa = PBXGroup;
			children = (
				378E8B5321C660510053D439 /* AppDelegate.swift */,
				378E8B5721C660510053D439 /* Main.storyboard */,
				378E8B5A21C660530053D439 /* Assets.xcassets */,
				378E8B5C21C660530053D439 /* LaunchScreen.storyboard */,
				378E8B5F21C660530053D439 /* Info.plist */,
				378E8B6721C661D30053D439 /* TableViewController.swift */,
				378E8B6921C6621C0053D439 /* TableViewCell.swift */,
			);
			path = PrefectureWeather;
			sourceTree = "<group>";
		};
		3CF40162D296027C87E6C629 /* Frameworks */ = {
			isa = PBXGroup;
			children = (
				60ECEC4F25418D0A0D08C98A /* Pods_PrefectureWeather.framework */,
			);
			name = Frameworks;
			sourceTree = "<group>";
		};
		5563A04807CAACFC3865BB63 /* Pods */ = {
			isa = PBXGroup;
			children = (
				1216AE3C57ADCBD55AABD564 /* Pods-PrefectureWeather.debug.xcconfig */,
				C67C9F1E6B807C363F0A483B /* Pods-PrefectureWeather.release.xcconfig */,
			);
			name = Pods;
			sourceTree = "<group>";
		};
/* End PBXGroup section */

/* Begin PBXNativeTarget section */
		378E8B4F21C660510053D439 /* PrefectureWeather */ = {
			isa = PBXNativeTarget;
			buildConfigurationList = 378E8B6221C660530053D439 /* Build configuration list for PBXNativeTarget "PrefectureWeather" */;
			buildPhases = (
				3A97FE369EFECC283510ED44 /* [CP] Check Pods Manifest.lock */,
				378E8B4C21C660510053D439 /* Sources */,
				378E8B4D21C660510053D439 /* Frameworks */,
				378E8B4E21C660510053D439 /* Resources */,
				1D7D9DDD91C2F5B0357D32F9 /* [CP] Embed Pods Frameworks */,
			);
			buildRules = (
			);
			dependencies = (
			);
			name = PrefectureWeather;
			productName = PrefectureWeather;
			productReference = 378E8B5021C660510053D439 /* PrefectureWeather.app */;
			productType = "com.apple.product-type.application";
		};
/* End PBXNativeTarget section */

/* Begin PBXProject section */
		378E8B4821C660510053D439 /* Project object */ = {
			isa = PBXProject;
			attributes = {
				LastSwiftUpdateCheck = 1010;
				LastUpgradeCheck = 1010;
				ORGANIZATIONNAME = shotaro;
				TargetAttributes = {
					378E8B4F21C660510053D439 = {
						CreatedOnToolsVersion = 10.1;
					};
				};
			};
			buildConfigurationList = 378E8B4B21C660510053D439 /* Build configuration list for PBXProject "PrefectureWeather" */;
			compatibilityVersion = "Xcode 9.3";
			developmentRegion = en;
			hasScannedForEncodings = 0;
			knownRegions = (
				en,
				Base,
			);
			mainGroup = 378E8B4721C660510053D439;
			productRefGroup = 378E8B5121C660510053D439 /* Products */;
			projectDirPath = "";
			projectRoot = "";
			targets = (
				378E8B4F21C660510053D439 /* PrefectureWeather */,
			);
		};
/* End PBXProject section */

/* Begin PBXResourcesBuildPhase section */
		378E8B4E21C660510053D439 /* Resources */ = {
			isa = PBXResourcesBuildPhase;
			buildActionMask = 2147483647;
			files = (
				378E8B5E21C660530053D439 /* LaunchScreen.storyboard in Resources */,
				378E8B5B21C660530053D439 /* Assets.xcassets in Resources */,
				378E8B5921C660510053D439 /* Main.storyboard in Resources */,
			);
			runOnlyForDeploymentPostprocessing = 0;
		};
/* End PBXResourcesBuildPhase section */

/* Begin PBXShellScriptBuildPhase section */
		1D7D9DDD91C2F5B0357D32F9 /* [CP] Embed Pods Frameworks */ = {
			isa = PBXShellScriptBuildPhase;
			buildActionMask = 2147483647;
			files = (
			);
			inputFileListPaths = (
			);
			inputPaths = (
				"${SRCROOT}/Pods/Target Support Files/Pods-PrefectureWeather/Pods-PrefectureWeather-frameworks.sh",
				"${BUILT_PRODUCTS_DIR}/Alamofire/Alamofire.framework",
				"${BUILT_PRODUCTS_DIR}/SDWebImage/SDWebImage.framework",
				"${BUILT_PRODUCTS_DIR}/SwiftyJSON/SwiftyJSON.framework",
			);
			name = "[CP] Embed Pods Frameworks";
			outputFileListPaths = (
			);
			outputPaths = (
				"${TARGET_BUILD_DIR}/${FRAMEWORKS_FOLDER_PATH}/Alamofire.framework",
				"${TARGET_BUILD_DIR}/${FRAMEWORKS_FOLDER_PATH}/SDWebImage.framework",
				"${TARGET_BUILD_DIR}/${FRAMEWORKS_FOLDER_PATH}/SwiftyJSON.framework",
			);
			runOnlyForDeploymentPostprocessing = 0;
			shellPath = /bin/sh;
			shellScript = "\"${SRCROOT}/Pods/Target Support Files/Pods-PrefectureWeather/Pods-PrefectureWeather-frameworks.sh\"\n";
			showEnvVarsInLog = 0;
		};
		3A97FE369EFECC283510ED44 /* [CP] Check Pods Manifest.lock */ = {
			isa = PBXShellScriptBuildPhase;
			buildActionMask = 2147483647;
			files = (
			);
			inputFileListPaths = (
			);
			inputPaths = (
				"${PODS_PODFILE_DIR_PATH}/Podfile.lock",
				"${PODS_ROOT}/Manifest.lock",
			);
			name = "[CP] Check Pods Manifest.lock";
			outputFileListPaths = (
			);
			outputPaths = (
				"$(DERIVED_FILE_DIR)/Pods-PrefectureWeather-checkManifestLockResult.txt",
			);
			runOnlyForDeploymentPostprocessing = 0;
			shellPath = /bin/sh;
			shellScript = "diff \"${PODS_PODFILE_DIR_PATH}/Podfile.lock\" \"${PODS_ROOT}/Manifest.lock\" > /dev/null\nif [ $? != 0 ] ; then\n    # print error to STDERR\n    echo \"error: The sandbox is not in sync with the Podfile.lock. Run 'pod install' or update your CocoaPods installation.\" >&2\n    exit 1\nfi\n# This output is used by Xcode 'outputs' to avoid re-running this script phase.\necho \"SUCCESS\" > \"${SCRIPT_OUTPUT_FILE_0}\"\n";
			showEnvVarsInLog = 0;
		};
/* End PBXShellScriptBuildPhase section */

/* Begin PBXSourcesBuildPhase section */
		378E8B4C21C660510053D439 /* Sources */ = {
			isa = PBXSourcesBuildPhase;
			buildActionMask = 2147483647;
			files = (
				378E8B6A21C6621C0053D439 /* TableViewCell.swift in Sources */,
				378E8B5421C660510053D439 /* AppDelegate.swift in Sources */,
				378E8B6821C661D30053D439 /* TableViewController.swift in Sources */,
			);
			runOnlyForDeploymentPostprocessing = 0;
		};
/* End PBXSourcesBuildPhase section */

/* Begin PBXVariantGroup section */
		378E8B5721C660510053D439 /* Main.storyboard */ = {
			isa = PBXVariantGroup;
			children = (
				378E8B5821C660510053D439 /* Base */,
			);
			name = Main.storyboard;
			sourceTree = "<group>";
		};
		378E8B5C21C660530053D439 /* LaunchScreen.storyboard */ = {
			isa = PBXVariantGroup;
			children = (
				378E8B5D21C660530053D439 /* Base */,
			);
			name = LaunchScreen.storyboard;
			sourceTree = "<group>";
		};
/* End PBXVariantGroup section */

/* Begin XCBuildConfiguration section */
		378E8B6021C660530053D439 /* Debug */ = {
			isa = XCBuildConfiguration;
			buildSettings = {
				ALWAYS_SEARCH_USER_PATHS = NO;
				CLANG_ANALYZER_NONNULL = YES;
				CLANG_ANALYZER_NUMBER_OBJECT_CONVERSION = YES_AGGRESSIVE;
				CLANG_CXX_LANGUAGE_STANDARD = "gnu++14";
				CLANG_CXX_LIBRARY = "libc++";
				CLANG_ENABLE_MODULES = YES;
				CLANG_ENABLE_OBJC_ARC = YES;
				CLANG_ENABLE_OBJC_WEAK = YES;
				CLANG_WARN_BLOCK_CAPTURE_AUTORELEASING = YES;
				CLANG_WARN_BOOL_CONVERSION = YES;
				CLANG_WARN_COMMA = YES;
				CLANG_WARN_CONSTANT_CONVERSION = YES;
				CLANG_WARN_DEPRECATED_OBJC_IMPLEMENTATIONS = YES;
				CLANG_WARN_DIRECT_OBJC_ISA_USAGE = YES_ERROR;
				CLANG_WARN_DOCUMENTATION_COMMENTS = YES;
				CLANG_WARN_EMPTY_BODY = YES;
				CLANG_WARN_ENUM_CONVERSION = YES;
				CLANG_WARN_INFINITE_RECURSION = YES;
				CLANG_WARN_INT_CONVERSION = YES;
				CLANG_WARN_NON_LITERAL_NULL_CONVERSION = YES;
				CLANG_WARN_OBJC_IMPLICIT_RETAIN_SELF = YES;
				CLANG_WARN_OBJC_LITERAL_CONVERSION = YES;
				CLANG_WARN_OBJC_ROOT_CLASS = YES_ERROR;
				CLANG_WARN_RANGE_LOOP_ANALYSIS = YES;
				CLANG_WARN_STRICT_PROTOTYPES = YES;
				CLANG_WARN_SUSPICIOUS_MOVE = YES;
				CLANG_WARN_UNGUARDED_AVAILABILITY = YES_AGGRESSIVE;
				CLANG_WARN_UNREACHABLE_CODE = YES;
				CLANG_WARN__DUPLICATE_METHOD_MATCH = YES;
				CODE_SIGN_IDENTITY = "iPhone Developer";
				COPY_PHASE_STRIP = NO;
				DEBUG_INFORMATION_FORMAT = dwarf;
				ENABLE_STRICT_OBJC_MSGSEND = YES;
				ENABLE_TESTABILITY = YES;
				GCC_C_LANGUAGE_STANDARD = gnu11;
				GCC_DYNAMIC_NO_PIC = NO;
				GCC_NO_COMMON_BLOCKS = YES;
				GCC_OPTIMIZATION_LEVEL = 0;
				GCC_PREPROCESSOR_DEFINITIONS = (
					"DEBUG=1",
					"$(inherited)",
				);
				GCC_WARN_64_TO_32_BIT_CONVERSION = YES;
				GCC_WARN_ABOUT_RETURN_TYPE = YES_ERROR;
				GCC_WARN_UNDECLARED_SELECTOR = YES;
				GCC_WARN_UNINITIALIZED_AUTOS = YES_AGGRESSIVE;
				GCC_WARN_UNUSED_FUNCTION = YES;
				GCC_WARN_UNUSED_VARIABLE = YES;
				IPHONEOS_DEPLOYMENT_TARGET = 12.1;
				MTL_ENABLE_DEBUG_INFO = INCLUDE_SOURCE;
				MTL_FAST_MATH = YES;
				ONLY_ACTIVE_ARCH = YES;
				SDKROOT = iphoneos;
				SWIFT_ACTIVE_COMPILATION_CONDITIONS = DEBUG;
				SWIFT_OPTIMIZATION_LEVEL = "-Onone";
			};
			name = Debug;
		};
		378E8B6121C660530053D439 /* Release */ = {
			isa = XCBuildConfiguration;
			buildSettings = {
				ALWAYS_SEARCH_USER_PATHS = NO;
				CLANG_ANALYZER_NONNULL = YES;
				CLANG_ANALYZER_NUMBER_OBJECT_CONVERSION = YES_AGGRESSIVE;
				CLANG_CXX_LANGUAGE_STANDARD = "gnu++14";
				CLANG_CXX_LIBRARY = "libc++";
				CLANG_ENABLE_MODULES = YES;
				CLANG_ENABLE_OBJC_ARC = YES;
				CLANG_ENABLE_OBJC_WEAK = YES;
				CLANG_WARN_BLOCK_CAPTURE_AUTORELEASING = YES;
				CLANG_WARN_BOOL_CONVERSION = YES;
				CLANG_WARN_COMMA = YES;
				CLANG_WARN_CONSTANT_CONVERSION = YES;
				CLANG_WARN_DEPRECATED_OBJC_IMPLEMENTATIONS = YES;
				CLANG_WARN_DIRECT_OBJC_ISA_USAGE = YES_ERROR;
				CLANG_WARN_DOCUMENTATION_COMMENTS = YES;
				CLANG_WARN_EMPTY_BODY = YES;
				CLANG_WARN_ENUM_CONVERSION = YES;
				CLANG_WARN_INFINITE_RECURSION = YES;
				CLANG_WARN_INT_CONVERSION = YES;
				CLANG_WARN_NON_LITERAL_NULL_CONVERSION = YES;
				CLANG_WARN_OBJC_IMPLICIT_RETAIN_SELF = YES;
				CLANG_WARN_OBJC_LITERAL_CONVERSION = YES;
				CLANG_WARN_OBJC_ROOT_CLASS = YES_ERROR;
				CLANG_WARN_RANGE_LOOP_ANALYSIS = YES;
				CLANG_WARN_STRICT_PROTOTYPES = YES;
				CLANG_WARN_SUSPICIOUS_MOVE = YES;
				CLANG_WARN_UNGUARDED_AVAILABILITY = YES_AGGRESSIVE;
				CLANG_WARN_UNREACHABLE_CODE = YES;
				CLANG_WARN__DUPLICATE_METHOD_MATCH = YES;
				CODE_SIGN_IDENTITY = "iPhone Developer";
				COPY_PHASE_STRIP = NO;
				DEBUG_INFORMATION_FORMAT = "dwarf-with-dsym";
				ENABLE_NS_ASSERTIONS = NO;
				ENABLE_STRICT_OBJC_MSGSEND = YES;
				GCC_C_LANGUAGE_STANDARD = gnu11;
				GCC_NO_COMMON_BLOCKS = YES;
				GCC_WARN_64_TO_32_BIT_CONVERSION = YES;
				GCC_WARN_ABOUT_RETURN_TYPE = YES_ERROR;
				GCC_WARN_UNDECLARED_SELECTOR = YES;
				GCC_WARN_UNINITIALIZED_AUTOS = YES_AGGRESSIVE;
				GCC_WARN_UNUSED_FUNCTION = YES;
				GCC_WARN_UNUSED_VARIABLE = YES;
				IPHONEOS_DEPLOYMENT_TARGET = 12.1;
				MTL_ENABLE_DEBUG_INFO = NO;
				MTL_FAST_MATH = YES;
				SDKROOT = iphoneos;
				SWIFT_COMPILATION_MODE = wholemodule;
				SWIFT_OPTIMIZATION_LEVEL = "-O";
				VALIDATE_PRODUCT = YES;
			};
			name = Release;
		};
		378E8B6321C660530053D439 /* Debug */ = {
			isa = XCBuildConfiguration;
			baseConfigurationReference = 1216AE3C57ADCBD55AABD564 /* Pods-PrefectureWeather.debug.xcconfig */;
			buildSettings = {
				ASSETCATALOG_COMPILER_APPICON_NAME = AppIcon;
				CODE_SIGN_STYLE = Automatic;
				DEVELOPMENT_TEAM = M82FLD6C75;
				INFOPLIST_FILE = PrefectureWeather/Info.plist;
				LD_RUNPATH_SEARCH_PATHS = (
					"$(inherited)",
					"@executable_path/Frameworks",
				);
				PRODUCT_BUNDLE_IDENTIFIER = net.shotaroooe.PrefectureWeather;
				PRODUCT_NAME = "$(TARGET_NAME)";
				SWIFT_VERSION = 4.2;
				TARGETED_DEVICE_FAMILY = "1,2";
			};
			name = Debug;
		};
		378E8B6421C660530053D439 /* Release */ = {
			isa = XCBuildConfiguration;
			baseConfigurationReference = C67C9F1E6B807C363F0A483B /* Pods-PrefectureWeather.release.xcconfig */;
			buildSettings = {
				ASSETCATALOG_COMPILER_APPICON_NAME = AppIcon;
				CODE_SIGN_STYLE = Automatic;
				DEVELOPMENT_TEAM = M82FLD6C75;
				INFOPLIST_FILE = PrefectureWeather/Info.plist;
				LD_RUNPATH_SEARCH_PATHS = (
					"$(inherited)",
					"@executable_path/Frameworks",
				);
				PRODUCT_BUNDLE_IDENTIFIER = net.shotaroooe.PrefectureWeather;
				PRODUCT_NAME = "$(TARGET_NAME)";
				SWIFT_VERSION = 4.2;
				TARGETED_DEVICE_FAMILY = "1,2";
			};
			name = Release;
		};
/* End XCBuildConfiguration section */

/* Begin XCConfigurationList section */
		378E8B4B21C660510053D439 /* Build configuration list for PBXProject "PrefectureWeather" */ = {
			isa = XCConfigurationList;
			buildConfigurations = (
				378E8B6021C660530053D439 /* Debug */,
				378E8B6121C660530053D439 /* Release */,
			);
			defaultConfigurationIsVisible = 0;
			defaultConfigurationName = Release;
		};
		378E8B6221C660530053D439 /* Build configuration list for PBXNativeTarget "PrefectureWeather" */ = {
			isa = XCConfigurationList;
			buildConfigurations = (
				378E8B6321C660530053D439 /* Debug */,
				378E8B6421C660530053D439 /* Release */,
			);
			defaultConfigurationIsVisible = 0;
			defaultConfigurationName = Release;
		};
/* End XCConfigurationList section */
	};
	rootObject = 378E8B4821C660510053D439 /* Project object */;
}
